
Microsoft Visual Studio Solution File, Format Version 12.00
# Visual Studio Version 17
VisualStudioVersion = 17.14.36414.22 d17.14
MinimumVisualStudioVersion = 10.0.40219.1
Project("{FAE04EC0-301F-11D3-BF4B-00C04F79EFBC}") = "yeetmedia3", "yeetmedia3\yeetmedia3.csproj", "{44C9D1BD-60A0-4F3C-982C-21D1FD2E6B4A}"
EndProject
Global
	GlobalSection(SolutionConfigurationPlatforms) = preSolution
		Debug|Any CPU = Debug|Any CPU
		Release|Any CPU = Release|Any CPU
	EndGlobalSection
	GlobalSection(ProjectConfigurationPlatforms) = postSolution
		{44C9D1BD-60A0-4F3C-982C-21D1FD2E6B4A}.Debug|Any CPU.ActiveCfg = Debug|Any CPU
		{44C9D1BD-60A0-4F3C-982C-21D1FD2E6B4A}.Debug|Any CPU.Build.0 = Debug|Any CPU
		{44C9D1BD-60A0-4F3C-982C-21D1FD2E6B4A}.Release|Any CPU.ActiveCfg = Release|Any CPU
		{44C9D1BD-60A0-4F3C-982C-21D1FD2E6B4A}.Release|Any CPU.Build.0 = Release|Any CPU
	EndGlobalSection
	GlobalSection(SolutionProperties) = preSolution
		HideSolutionNode = FALSE
	EndGlobalSection
	GlobalSection(ExtensibilityGlobals) = postSolution
		SolutionGuid = {3C7742B4-027B-410F-A0BC-A509C805DD67}
	EndGlobalSection
EndGlobal
